// !$*UTF8*$!
{
	archiveVersion = 1;
	classes = {
	};
	objectVersion = 77;
	objects = {

/* Begin PBXContainerItemProxy section */
		30BB77F22CDFD12A00FB17F5 /* PBXContainerItemProxy */ = {
			isa = PBXContainerItemProxy;
			containerPortal = 30BB77D92CDFD12900FB17F5 /* Project object */;
			proxyType = 1;
			remoteGlobalIDString = 30BB77E02CDFD12900FB17F5;
			remoteInfo = "SwifUI-Weather";
		};
		30BB77FC2CDFD12A00FB17F5 /* PBXContainerItemProxy */ = {
			isa = PBXContainerItemProxy;
			containerPortal = 30BB77D92CDFD12900FB17F5 /* Project object */;
			proxyType = 1;
			remoteGlobalIDString = 30BB77E02CDFD12900FB17F5;
			remoteInfo = "SwifUI-Weather";
		};
/* End PBXContainerItemProxy section */

/* Begin PBXFileReference section */
		30BB77E12CDFD12900FB17F5 /* SwifUI-Weather.app */ = {isa = PBXFileReference; explicitFileType = wrapper.application; includeInIndex = 0; path = "SwifUI-Weather.app"; sourceTree = BUILT_PRODUCTS_DIR; };
		30BB77F12CDFD12A00FB17F5 /* SwifUI-WeatherTests.xctest */ = {isa = PBXFileReference; explicitFileType = wrapper.cfbundle; includeInIndex = 0; path = "SwifUI-WeatherTests.xctest"; sourceTree = BUILT_PRODUCTS_DIR; };
		30BB77FB2CDFD12A00FB17F5 /* SwifUI-WeatherUITests.xctest */ = {isa = PBXFileReference; explicitFileType = wrapper.cfbundle; includeInIndex = 0; path = "SwifUI-WeatherUITests.xctest"; sourceTree = BUILT_PRODUCTS_DIR; };
/* End PBXFileReference section */

/* Begin PBXFileSystemSynchronizedRootGroup section */
		30BB77E32CDFD12900FB17F5 /* SwifUI-Weather */ = {
			isa = PBXFileSystemSynchronizedRootGroup;
			path = "SwifUI-Weather";
			sourceTree = "<group>";
		};
		30BB77F42CDFD12A00FB17F5 /* SwifUI-WeatherTests */ = {
			isa = PBXFileSystemSynchronizedRootGroup;
			path = "SwifUI-WeatherTests";
			sourceTree = "<group>";
		};
		30BB77FE2CDFD12A00FB17F5 /* SwifUI-WeatherUITests */ = {
			isa = PBXFileSystemSynchronizedRootGroup;
			path = "SwifUI-WeatherUITests";
			sourceTree = "<group>";
		};
/* End PBXFileSystemSynchronizedRootGroup section */

/* Begin PBXFrameworksBuildPhase section */
		30BB77DE2CDFD12900FB17F5 /* Frameworks */ = {
			isa = PBXFrameworksBuildPhase;
			buildActionMask = 2147483647;
			files = (
			);
			runOnlyForDeploymentPostprocessing = 0;
		};
		30BB77EE2CDFD12A00FB17F5 /* Frameworks */ = {
			isa = PBXFrameworksBuildPhase;
			buildActionMask = 2147483647;
			files = (
			);
			runOnlyForDeploymentPostprocessing = 0;
		};
		30BB77F82CDFD12A00FB17F5 /* Frameworks */ = {
			isa = PBXFrameworksBuildPhase;
			buildActionMask = 2147483647;
			files = (
			);
			runOnlyForDeploymentPostprocessing = 0;
		};
/* End PBXFrameworksBuildPhase section */

/* Begin PBXGroup section */
		30BB77D82CDFD12900FB17F5 = {
			isa = PBXGroup;
			children = (
				30BB77E32CDFD12900FB17F5 /* SwifUI-Weather */,
				30BB77F42CDFD12A00FB17F5 /* SwifUI-WeatherTests */,
				30BB77FE2CDFD12A00FB17F5 /* SwifUI-WeatherUITests */,
				30BB77E22CDFD12900FB17F5 /* Products */,
			);
			sourceTree = "<group>";
		};
		30BB77E22CDFD12900FB17F5 /* Products */ = {
			isa = PBXGroup;
			children = (
				30BB77E12CDFD12900FB17F5 /* SwifUI-Weather.app */,
				30BB77F12CDFD12A00FB17F5 /* SwifUI-WeatherTests.xctest */,
				30BB77FB2CDFD12A00FB17F5 /* SwifUI-WeatherUITests.xctest */,
			);
			name = Products;
			sourceTree = "<group>";
		};
/* End PBXGroup section */

/* Begin PBXNativeTarget section */
		30BB77E02CDFD12900FB17F5 /* SwifUI-Weather */ = {
			isa = PBXNativeTarget;
			buildConfigurationList = 30BB78052CDFD12A00FB17F5 /* Build configuration list for PBXNativeTarget "SwifUI-Weather" */;
			buildPhases = (
				30BB77DD2CDFD12900FB17F5 /* Sources */,
				30BB77DE2CDFD12900FB17F5 /* Frameworks */,
				30BB77DF2CDFD12900FB17F5 /* Resources */,
			);
			buildRules = (
			);
			dependencies = (
			);
			fileSystemSynchronizedGroups = (
				30BB77E32CDFD12900FB17F5 /* SwifUI-Weather */,
			);
			name = "SwifUI-Weather";
			packageProductDependencies = (
			);
			productName = "SwifUI-Weather";
			productReference = 30BB77E12CDFD12900FB17F5 /* SwifUI-Weather.app */;
			productType = "com.apple.product-type.application";
		};
		30BB77F02CDFD12A00FB17F5 /* SwifUI-WeatherTests */ = {
			isa = PBXNativeTarget;
			buildConfigurationList = 30BB78082CDFD12A00FB17F5 /* Build configuration list for PBXNativeTarget "SwifUI-WeatherTests" */;
			buildPhases = (
				30BB77ED2CDFD12A00FB17F5 /* Sources */,
				30BB77EE2CDFD12A00FB17F5 /* Frameworks */,
				30BB77EF2CDFD12A00FB17F5 /* Resources */,
			);
			buildRules = (
			);
			dependencies = (
				30BB77F32CDFD12A00FB17F5 /* PBXTargetDependency */,
			);
			fileSystemSynchronizedGroups = (
				30BB77F42CDFD12A00FB17F5 /* SwifUI-WeatherTests */,
			);
			name = "SwifUI-WeatherTests";
			packageProductDependencies = (
			);
			productName = "SwifUI-WeatherTests";
			productReference = 30BB77F12CDFD12A00FB17F5 /* SwifUI-WeatherTests.xctest */;
			productType = "com.apple.product-type.bundle.unit-test";
		};
		30BB77FA2CDFD12A00FB17F5 /* SwifUI-WeatherUITests */ = {
			isa = PBXNativeTarget;
			buildConfigurationList = 30BB780B2CDFD12A00FB17F5 /* Build configuration list for PBXNativeTarget "SwifUI-WeatherUITests" */;
			buildPhases = (
				30BB77F72CDFD12A00FB17F5 /* Sources */,
				30BB77F82CDFD12A00FB17F5 /* Frameworks */,
				30BB77F92CDFD12A00FB17F5 /* Resources */,
			);
			buildRules = (
			);
			dependencies = (
				30BB77FD2CDFD12A00FB17F5 /* PBXTargetDependency */,
			);
			fileSystemSynchronizedGroups = (
				30BB77FE2CDFD12A00FB17F5 /* SwifUI-WeatherUITests */,
			);
			name = "SwifUI-WeatherUITests";
			packageProductDependencies = (
			);
			productName = "SwifUI-WeatherUITests";
			productReference = 30BB77FB2CDFD12A00FB17F5 /* SwifUI-WeatherUITests.xctest */;
			productType = "com.apple.product-type.bundle.ui-testing";
		};
/* End PBXNativeTarget section */

/* Begin PBXProject section */
		30BB77D92CDFD12900FB17F5 /* Project object */ = {
			isa = PBXProject;
			attributes = {
				BuildIndependentTargetsInParallel = 1;
				LastSwiftUpdateCheck = 1610;
				LastUpgradeCheck = 1610;
				TargetAttributes = {
					30BB77E02CDFD12900FB17F5 = {
						CreatedOnToolsVersion = 16.1;
					};
					30BB77F02CDFD12A00FB17F5 = {
						CreatedOnToolsVersion = 16.1;
						TestTargetID = 30BB77E02CDFD12900FB17F5;
					};
					30BB77FA2CDFD12A00FB17F5 = {
						CreatedOnToolsVersion = 16.1;
						TestTargetID = 30BB77E02CDFD12900FB17F5;
					};
				};
			};
			buildConfigurationList = 30BB77DC2CDFD12900FB17F5 /* Build configuration list for PBXProject "SwifUI-Weather" */;
			developmentRegion = en;
			hasScannedForEncodings = 0;
			knownRegions = (
				en,
				Base,
			);
			mainGroup = 30BB77D82CDFD12900FB17F5;
			minimizedProjectReferenceProxies = 1;
			preferredProjectObjectVersion = 77;
			productRefGroup = 30BB77E22CDFD12900FB17F5 /* Products */;
			projectDirPath = "";
			projectRoot = "";
			targets = (
				30BB77E02CDFD12900FB17F5 /* SwifUI-Weather */,
				30BB77F02CDFD12A00FB17F5 /* SwifUI-WeatherTests */,
				30BB77FA2CDFD12A00FB17F5 /* SwifUI-WeatherUITests */,
			);
		};
/* End PBXProject section */

/* Begin PBXResourcesBuildPhase section */
		30BB77DF2CDFD12900FB17F5 /* Resources */ = {
			isa = PBXResourcesBuildPhase;
			buildActionMask = 2147483647;
			files = (
			);
			runOnlyForDeploymentPostprocessing = 0;
		};
		30BB77EF2CDFD12A00FB17F5 /* Resources */ = {
			isa = PBXResourcesBuildPhase;
			buildActionMask = 2147483647;
			files = (
			);
			runOnlyForDeploymentPostprocessing = 0;
		};
		30BB77F92CDFD12A00FB17F5 /* Resources */ = {
			isa = PBXResourcesBuildPhase;
			buildActionMask = 2147483647;
			files = (
			);
			runOnlyForDeploymentPostprocessing = 0;
		};
/* End PBXResourcesBuildPhase section */

/* Begin PBXSourcesBuildPhase section */
		30BB77DD2CDFD12900FB17F5 /* Sources */ = {
			isa = PBXSourcesBuildPhase;
			buildActionMask = 2147483647;
			files = (
			);
			runOnlyForDeploymentPostprocessing = 0;
		};
		30BB77ED2CDFD12A00FB17F5 /* Sources */ = {
			isa = PBXSourcesBuildPhase;
			buildActionMask = 2147483647;
			files = (
			);
			runOnlyForDeploymentPostprocessing = 0;
		};
		30BB77F72CDFD12A00FB17F5 /* Sources */ = {
			isa = PBXSourcesBuildPhase;
			buildActionMask = 2147483647;
			files = (
			);
			runOnlyForDeploymentPostprocessing = 0;
		};
/* End PBXSourcesBuildPhase section */

/* Begin PBXTargetDependency section */
		30BB77F32CDFD12A00FB17F5 /* PBXTargetDependency */ = {
			isa = PBXTargetDependency;
			target = 30BB77E02CDFD12900FB17F5 /* SwifUI-Weather */;
			targetProxy = 30BB77F22CDFD12A00FB17F5 /* PBXContainerItemProxy */;
		};
		30BB77FD2CDFD12A00FB17F5 /* PBXTargetDependency */ = {
			isa = PBXTargetDependency;
			target = 30BB77E02CDFD12900FB17F5 /* SwifUI-Weather */;
			targetProxy = 30BB77FC2CDFD12A00FB17F5 /* PBXContainerItemProxy */;
		};
/* End PBXTargetDependency section */

/* Begin XCBuildConfiguration section */
		30BB78032CDFD12A00FB17F5 /* Debug */ = {
			isa = XCBuildConfiguration;
			buildSettings = {
				ALWAYS_SEARCH_USER_PATHS = NO;
				ASSETCATALOG_COMPILER_GENERATE_SWIFT_ASSET_SYMBOL_EXTENSIONS = YES;
				CLANG_ANALYZER_NONNULL = YES;
				CLANG_ANALYZER_NUMBER_OBJECT_CONVERSION = YES_AGGRESSIVE;
				CLANG_CXX_LANGUAGE_STANDARD = "gnu++20";
				CLANG_ENABLE_MODULES = YES;
				CLANG_ENABLE_OBJC_ARC = YES;
				CLANG_ENABLE_OBJC_WEAK = YES;
				CLANG_WARN_BLOCK_CAPTURE_AUTORELEASING = YES;
				CLANG_WARN_BOOL_CONVERSION = YES;
				CLANG_WARN_COMMA = YES;
				CLANG_WARN_CONSTANT_CONVERSION = YES;
				CLANG_WARN_DEPRECATED_OBJC_IMPLEMENTATIONS = YES;
				CLANG_WARN_DIRECT_OBJC_ISA_USAGE = YES_ERROR;
				CLANG_WARN_DOCUMENTATION_COMMENTS = YES;
				CLANG_WARN_EMPTY_BODY = YES;
				CLANG_WARN_ENUM_CONVERSION = YES;
				CLANG_WARN_INFINITE_RECURSION = YES;
				CLANG_WARN_INT_CONVERSION = YES;
				CLANG_WARN_NON_LITERAL_NULL_CONVERSION = YES;
				CLANG_WARN_OBJC_IMPLICIT_RETAIN_SELF = YES;
				CLANG_WARN_OBJC_LITERAL_CONVERSION = YES;
				CLANG_WARN_OBJC_ROOT_CLASS = YES_ERROR;
				CLANG_WARN_QUOTED_INCLUDE_IN_FRAMEWORK_HEADER = YES;
				CLANG_WARN_RANGE_LOOP_ANALYSIS = YES;
				CLANG_WARN_STRICT_PROTOTYPES = YES;
				CLANG_WARN_SUSPICIOUS_MOVE = YES;
				CLANG_WARN_UNGUARDED_AVAILABILITY = YES_AGGRESSIVE;
				CLANG_WARN_UNREACHABLE_CODE = YES;
				CLANG_WARN__DUPLICATE_METHOD_MATCH = YES;
				COPY_PHASE_STRIP = NO;
				DEBUG_INFORMATION_FORMAT = dwarf;
				ENABLE_STRICT_OBJC_MSGSEND = YES;
				ENABLE_TESTABILITY = YES;
				ENABLE_USER_SCRIPT_SANDBOXING = YES;
				GCC_C_LANGUAGE_STANDARD = gnu17;
				GCC_DYNAMIC_NO_PIC = NO;
				GCC_NO_COMMON_BLOCKS = YES;
				GCC_OPTIMIZATION_LEVEL = 0;
				GCC_PREPROCESSOR_DEFINITIONS = (
					"DEBUG=1",
					"$(inherited)",
				);
				GCC_WARN_64_TO_32_BIT_CONVERSION = YES;
				GCC_WARN_ABOUT_RETURN_TYPE = YES_ERROR;
				GCC_WARN_UNDECLARED_SELECTOR = YES;
				GCC_WARN_UNINITIALIZED_AUTOS = YES_AGGRESSIVE;
				GCC_WARN_UNUSED_FUNCTION = YES;
				GCC_WARN_UNUSED_VARIABLE = YES;
				IPHONEOS_DEPLOYMENT_TARGET = 18.1;
				LOCALIZATION_PREFERS_STRING_CATALOGS = YES;
				MTL_ENABLE_DEBUG_INFO = INCLUDE_SOURCE;
				MTL_FAST_MATH = YES;
				ONLY_ACTIVE_ARCH = YES;
				SDKROOT = iphoneos;
				SWIFT_ACTIVE_COMPILATION_CONDITIONS = "DEBUG $(inherited)";
				SWIFT_OPTIMIZATION_LEVEL = "-Onone";
			};
			name = Debug;
		};
		30BB78042CDFD12A00FB17F5 /* Release */ = {
			isa = XCBuildConfiguration;
			buildSettings = {
				ALWAYS_SEARCH_USER_PATHS = NO;
				ASSETCATALOG_COMPILER_GENERATE_SWIFT_ASSET_SYMBOL_EXTENSIONS = YES;
				CLANG_ANALYZER_NONNULL = YES;
				CLANG_ANALYZER_NUMBER_OBJECT_CONVERSION = YES_AGGRESSIVE;
				CLANG_CXX_LANGUAGE_STANDARD = "gnu++20";
				CLANG_ENABLE_MODULES = YES;
				CLANG_ENABLE_OBJC_ARC = YES;
				CLANG_ENABLE_OBJC_WEAK = YES;
				CLANG_WARN_BLOCK_CAPTURE_AUTORELEASING = YES;
				CLANG_WARN_BOOL_CONVERSION = YES;
				CLANG_WARN_COMMA = YES;
				CLANG_WARN_CONSTANT_CONVERSION = YES;
				CLANG_WARN_DEPRECATED_OBJC_IMPLEMENTATIONS = YES;
				CLANG_WARN_DIRECT_OBJC_ISA_USAGE = YES_ERROR;
				CLANG_WARN_DOCUMENTATION_COMMENTS = YES;
				CLANG_WARN_EMPTY_BODY = YES;
				CLANG_WARN_ENUM_CONVERSION = YES;
				CLANG_WARN_INFINITE_RECURSION = YES;
				CLANG_WARN_INT_CONVERSION = YES;
				CLANG_WARN_NON_LITERAL_NULL_CONVERSION = YES;
				CLANG_WARN_OBJC_IMPLICIT_RETAIN_SELF = YES;
				CLANG_WARN_OBJC_LITERAL_CONVERSION = YES;
				CLANG_WARN_OBJC_ROOT_CLASS = YES_ERROR;
				CLANG_WARN_QUOTED_INCLUDE_IN_FRAMEWORK_HEADER = YES;
				CLANG_WARN_RANGE_LOOP_ANALYSIS = YES;
				CLANG_WARN_STRICT_PROTOTYPES = YES;
				CLANG_WARN_SUSPICIOUS_MOVE = YES;
				CLANG_WARN_UNGUARDED_AVAILABILITY = YES_AGGRESSIVE;
				CLANG_WARN_UNREACHABLE_CODE = YES;
				CLANG_WARN__DUPLICATE_METHOD_MATCH = YES;
				COPY_PHASE_STRIP = NO;
				DEBUG_INFORMATION_FORMAT = "dwarf-with-dsym";
				ENABLE_NS_ASSERTIONS = NO;
				ENABLE_STRICT_OBJC_MSGSEND = YES;
				ENABLE_USER_SCRIPT_SANDBOXING = YES;
				GCC_C_LANGUAGE_STANDARD = gnu17;
				GCC_NO_COMMON_BLOCKS = YES;
				GCC_WARN_64_TO_32_BIT_CONVERSION = YES;
				GCC_WARN_ABOUT_RETURN_TYPE = YES_ERROR;
				GCC_WARN_UNDECLARED_SELECTOR = YES;
				GCC_WARN_UNINITIALIZED_AUTOS = YES_AGGRESSIVE;
				GCC_WARN_UNUSED_FUNCTION = YES;
				GCC_WARN_UNUSED_VARIABLE = YES;
				IPHONEOS_DEPLOYMENT_TARGET = 18.1;
				LOCALIZATION_PREFERS_STRING_CATALOGS = YES;
				MTL_ENABLE_DEBUG_INFO = NO;
				MTL_FAST_MATH = YES;
				SDKROOT = iphoneos;
				SWIFT_COMPILATION_MODE = wholemodule;
				VALIDATE_PRODUCT = YES;
			};
			name = Release;
		};
		30BB78062CDFD12A00FB17F5 /* Debug */ = {
			isa = XCBuildConfiguration;
			buildSettings = {
				ASSETCATALOG_COMPILER_APPICON_NAME = AppIcon;
				ASSETCATALOG_COMPILER_GLOBAL_ACCENT_COLOR_NAME = AccentColor;
				CODE_SIGN_STYLE = Automatic;
				CURRENT_PROJECT_VERSION = 1;
				DEVELOPMENT_ASSET_PATHS = "\"SwifUI-Weather/Preview Content\"";
				ENABLE_PREVIEWS = YES;
				GENERATE_INFOPLIST_FILE = YES;
				INFOPLIST_KEY_UIApplicationSceneManifest_Generation = YES;
				INFOPLIST_KEY_UIApplicationSupportsIndirectInputEvents = YES;
				INFOPLIST_KEY_UILaunchScreen_Generation = YES;
				INFOPLIST_KEY_UISupportedInterfaceOrientations_iPad = "UIInterfaceOrientationPortrait UIInterfaceOrientationPortraitUpsideDown UIInterfaceOrientationLandscapeLeft UIInterfaceOrientationLandscapeRight";
				INFOPLIST_KEY_UISupportedInterfaceOrientations_iPhone = "UIInterfaceOrientationPortrait UIInterfaceOrientationLandscapeLeft UIInterfaceOrientationLandscapeRight";
				LD_RUNPATH_SEARCH_PATHS = (
					"$(inherited)",
					"@executable_path/Frameworks",
				);
				MARKETING_VERSION = 1.0;
				PRODUCT_BUNDLE_IDENTIFIER = "name.mitchelldesjardins.SwifUI-Weather";
				PRODUCT_NAME = "$(TARGET_NAME)";
				SWIFT_EMIT_LOC_STRINGS = YES;
				SWIFT_VERSION = 5.0;
				TARGETED_DEVICE_FAMILY = "1,2";
			};
			name = Debug;
		};
		30BB78072CDFD12A00FB17F5 /* Release */ = {
			isa = XCBuildConfiguration;
			buildSettings = {
				ASSETCATALOG_COMPILER_APPICON_NAME = AppIcon;
				ASSETCATALOG_COMPILER_GLOBAL_ACCENT_COLOR_NAME = AccentColor;
				CODE_SIGN_STYLE = Automatic;
				CURRENT_PROJECT_VERSION = 1;
				DEVELOPMENT_ASSET_PATHS = "\"SwifUI-Weather/Preview Content\"";
				ENABLE_PREVIEWS = YES;
				GENERATE_INFOPLIST_FILE = YES;
				INFOPLIST_KEY_UIApplicationSceneManifest_Generation = YES;
				INFOPLIST_KEY_UIApplicationSupportsIndirectInputEvents = YES;
				INFOPLIST_KEY_UILaunchScreen_Generation = YES;
				INFOPLIST_KEY_UISupportedInterfaceOrientations_iPad = "UIInterfaceOrientationPortrait UIInterfaceOrientationPortraitUpsideDown UIInterfaceOrientationLandscapeLeft UIInterfaceOrientationLandscapeRight";
				INFOPLIST_KEY_UISupportedInterfaceOrientations_iPhone = "UIInterfaceOrientationPortrait UIInterfaceOrientationLandscapeLeft UIInterfaceOrientationLandscapeRight";
				LD_RUNPATH_SEARCH_PATHS = (
					"$(inherited)",
					"@executable_path/Frameworks",
				);
				MARKETING_VERSION = 1.0;
				PRODUCT_BUNDLE_IDENTIFIER = "name.mitchelldesjardins.SwifUI-Weather";
				PRODUCT_NAME = "$(TARGET_NAME)";
				SWIFT_EMIT_LOC_STRINGS = YES;
				SWIFT_VERSION = 5.0;
				TARGETED_DEVICE_FAMILY = "1,2";
			};
			name = Release;
		};
		30BB78092CDFD12A00FB17F5 /* Debug */ = {
			isa = XCBuildConfiguration;
			buildSettings = {
				BUNDLE_LOADER = "$(TEST_HOST)";
				CODE_SIGN_STYLE = Automatic;
				CURRENT_PROJECT_VERSION = 1;
				GENERATE_INFOPLIST_FILE = YES;
				IPHONEOS_DEPLOYMENT_TARGET = 18.1;
				MARKETING_VERSION = 1.0;
				PRODUCT_BUNDLE_IDENTIFIER = "name.mitchelldesjardins.SwifUI-WeatherTests";
				PRODUCT_NAME = "$(TARGET_NAME)";
				SWIFT_EMIT_LOC_STRINGS = NO;
				SWIFT_VERSION = 5.0;
				TARGETED_DEVICE_FAMILY = "1,2";
				TEST_HOST = "$(BUILT_PRODUCTS_DIR)/SwifUI-Weather.app/$(BUNDLE_EXECUTABLE_FOLDER_PATH)/SwifUI-Weather";
			};
			name = Debug;
		};
		30BB780A2CDFD12A00FB17F5 /* Release */ = {
			isa = XCBuildConfiguration;
			buildSettings = {
				BUNDLE_LOADER = "$(TEST_HOST)";
				CODE_SIGN_STYLE = Automatic;
				CURRENT_PROJECT_VERSION = 1;
				GENERATE_INFOPLIST_FILE = YES;
				IPHONEOS_DEPLOYMENT_TARGET = 18.1;
				MARKETING_VERSION = 1.0;
				PRODUCT_BUNDLE_IDENTIFIER = "name.mitchelldesjardins.SwifUI-WeatherTests";
				PRODUCT_NAME = "$(TARGET_NAME)";
				SWIFT_EMIT_LOC_STRINGS = NO;
				SWIFT_VERSION = 5.0;
				TARGETED_DEVICE_FAMILY = "1,2";
				TEST_HOST = "$(BUILT_PRODUCTS_DIR)/SwifUI-Weather.app/$(BUNDLE_EXECUTABLE_FOLDER_PATH)/SwifUI-Weather";
			};
			name = Release;
		};
		30BB780C2CDFD12A00FB17F5 /* Debug */ = {
			isa = XCBuildConfiguration;
			buildSettings = {
				CODE_SIGN_STYLE = Automatic;
				CURRENT_PROJECT_VERSION = 1;
				GENERATE_INFOPLIST_FILE = YES;
				MARKETING_VERSION = 1.0;
				PRODUCT_BUNDLE_IDENTIFIER = "name.mitchelldesjardins.SwifUI-WeatherUITests";
				PRODUCT_NAME = "$(TARGET_NAME)";
				SWIFT_EMIT_LOC_STRINGS = NO;
				SWIFT_VERSION = 5.0;
				TARGETED_DEVICE_FAMILY = "1,2";
				TEST_TARGET_NAME = "SwifUI-Weather";
			};
			name = Debug;
		};
		30BB780D2CDFD12A00FB17F5 /* Release */ = {
			isa = XCBuildConfiguration;
			buildSettings = {
				CODE_SIGN_STYLE = Automatic;
				CURRENT_PROJECT_VERSION = 1;
				GENERATE_INFOPLIST_FILE = YES;
				MARKETING_VERSION = 1.0;
				PRODUCT_BUNDLE_IDENTIFIER = "name.mitchelldesjardins.SwifUI-WeatherUITests";
				PRODUCT_NAME = "$(TARGET_NAME)";
				SWIFT_EMIT_LOC_STRINGS = NO;
				SWIFT_VERSION = 5.0;
				TARGETED_DEVICE_FAMILY = "1,2";
				TEST_TARGET_NAME = "SwifUI-Weather";
			};
			name = Release;
		};
/* End XCBuildConfiguration section */

/* Begin XCConfigurationList section */
		30BB77DC2CDFD12900FB17F5 /* Build configuration list for PBXProject "SwifUI-Weather" */ = {
			isa = XCConfigurationList;
			buildConfigurations = (
				30BB78032CDFD12A00FB17F5 /* Debug */,
				30BB78042CDFD12A00FB17F5 /* Release */,
			);
			defaultConfigurationIsVisible = 0;
			defaultConfigurationName = Release;
		};
		30BB78052CDFD12A00FB17F5 /* Build configuration list for PBXNativeTarget "SwifUI-Weather" */ = {
			isa = XCConfigurationList;
			buildConfigurations = (
				30BB78062CDFD12A00FB17F5 /* Debug */,
				30BB78072CDFD12A00FB17F5 /* Release */,
			);
			defaultConfigurationIsVisible = 0;
			defaultConfigurationName = Release;
		};
		30BB78082CDFD12A00FB17F5 /* Build configuration list for PBXNativeTarget "SwifUI-WeatherTests" */ = {
			isa = XCConfigurationList;
			buildConfigurations = (
				30BB78092CDFD12A00FB17F5 /* Debug */,
				30BB780A2CDFD12A00FB17F5 /* Release */,
			);
			defaultConfigurationIsVisible = 0;
			defaultConfigurationName = Release;
		};
		30BB780B2CDFD12A00FB17F5 /* Build configuration list for PBXNativeTarget "SwifUI-WeatherUITests" */ = {
			isa = XCConfigurationList;
			buildConfigurations = (
				30BB780C2CDFD12A00FB17F5 /* Debug */,
				30BB780D2CDFD12A00FB17F5 /* Release */,
			);
			defaultConfigurationIsVisible = 0;
			defaultConfigurationName = Release;
		};
/* End XCConfigurationList section */
	};
	rootObject = 30BB77D92CDFD12900FB17F5 /* Project object */;
}
